
Microsoft Visual Studio Solution File, Format Version 12.00
# Visual Studio Version 17
VisualStudioVersion = 17.2.32630.192
MinimumVisualStudioVersion = 10.0.40219.1
Project("{9A19103F-16F7-4668-BE54-9A1E7A4F7556}") = "Serilog.Sinks.RabbitMQ", "src\Serilog.Sinks.RabbitMQ\Serilog.Sinks.RabbitMQ.csproj", "{E9EFBA4E-E403-4722-9880-0FDCDA495667}"
EndProject
Project("{2150E333-8FDC-42A3-9474-1A3956D46DE8}") = "src", "src", "{3F8BFE39-F51C-4BEA-A0ED-1FA9D2453082}"
EndProject
Project("{2150E333-8FDC-42A3-9474-1A3956D46DE8}") = "tests", "tests", "{6BD5A928-1573-4A9A-9D9D-EBA7A0EE17B2}"
EndProject
Project("{9A19103F-16F7-4668-BE54-9A1E7A4F7556}") = "Serilog.Sinks.RabbitMQ.Tests.Integration", "tests\Serilog.Sinks.RabbitMQ.Tests.Integration\Serilog.Sinks.RabbitMQ.Tests.Integration.csproj", "{94CFEA39-091B-42EF-A3E4-2130AC76A191}"
EndProject
Project("{2150E333-8FDC-42A3-9474-1A3956D46DE8}") = "Solution Items", "Solution Items", "{44AA2E4A-8423-4E12-A0A2-D46E64E24300}"
	ProjectSection(SolutionItems) = preProject
		README.md = README.md
	EndProjectSection
EndProject
Project("{9A19103F-16F7-4668-BE54-9A1E7A4F7556}") = "Serilog.Sinks.RabbitMQ.Tests", "tests\Serilog.Sinks.RabbitMQ.Tests\Serilog.Sinks.RabbitMQ.Tests.csproj", "{FB351047-7675-4F53-B2CF-A1FD2F11A2BA}"
EndProject
Global
	GlobalSection(SolutionConfigurationPlatforms) = preSolution
		Debug|Any CPU = Debug|Any CPU
		Release|Any CPU = Release|Any CPU
	EndGlobalSection
	GlobalSection(ProjectConfigurationPlatforms) = postSolution
		{E9EFBA4E-E403-4722-9880-0FDCDA495667}.Debug|Any CPU.ActiveCfg = Debug|Any CPU
		{E9EFBA4E-E403-4722-9880-0FDCDA495667}.Debug|Any CPU.Build.0 = Debug|Any CPU
		{E9EFBA4E-E403-4722-9880-0FDCDA495667}.Release|Any CPU.ActiveCfg = Release|Any CPU
		{E9EFBA4E-E403-4722-9880-0FDCDA495667}.Release|Any CPU.Build.0 = Release|Any CPU
		{94CFEA39-091B-42EF-A3E4-2130AC76A191}.Debug|Any CPU.ActiveCfg = Debug|Any CPU
		{94CFEA39-091B-42EF-A3E4-2130AC76A191}.Debug|Any CPU.Build.0 = Debug|Any CPU
		{94CFEA39-091B-42EF-A3E4-2130AC76A191}.Release|Any CPU.ActiveCfg = Release|Any CPU
		{94CFEA39-091B-42EF-A3E4-2130AC76A191}.Release|Any CPU.Build.0 = Release|Any CPU
		{FB351047-7675-4F53-B2CF-A1FD2F11A2BA}.Debug|Any CPU.ActiveCfg = Debug|Any CPU
		{FB351047-7675-4F53-B2CF-A1FD2F11A2BA}.Debug|Any CPU.Build.0 = Debug|Any CPU
		{FB351047-7675-4F53-B2CF-A1FD2F11A2BA}.Release|Any CPU.ActiveCfg = Release|Any CPU
		{FB351047-7675-4F53-B2CF-A1FD2F11A2BA}.Release|Any CPU.Build.0 = Release|Any CPU
	EndGlobalSection
	GlobalSection(SolutionProperties) = preSolution
		HideSolutionNode = FALSE
	EndGlobalSection
	GlobalSection(NestedProjects) = preSolution
		{E9EFBA4E-E403-4722-9880-0FDCDA495667} = {3F8BFE39-F51C-4BEA-A0ED-1FA9D2453082}
		{94CFEA39-091B-42EF-A3E4-2130AC76A191} = {6BD5A928-1573-4A9A-9D9D-EBA7A0EE17B2}
		{FB351047-7675-4F53-B2CF-A1FD2F11A2BA} = {6BD5A928-1573-4A9A-9D9D-EBA7A0EE17B2}
	EndGlobalSection
	GlobalSection(ExtensibilityGlobals) = postSolution
		SolutionGuid = {154911B7-34EE-428C-834D-6AF57B44532A}
	EndGlobalSection
EndGlobal
