
Microsoft Visual Studio Solution File, Format Version 12.00
# Visual Studio 2012
Project("{FAE04EC0-301F-11D3-BF4B-00C04F79EFBC}") = "Serilog.Sinks.RabbitMQ", "src\Serilog.Sinks.RabbitMQ\Serilog.Sinks.RabbitMQ.csproj", "{42572718-942B-4CA3-858A-5C9DF155E3AF}"
EndProject
Global
	GlobalSection(SolutionConfigurationPlatforms) = preSolution
		Debug|Any CPU = Debug|Any CPU
		Release|Any CPU = Release|Any CPU
	EndGlobalSection
	GlobalSection(ProjectConfigurationPlatforms) = postSolution
		{42572718-942B-4CA3-858A-5C9DF155E3AF}.Debug|Any CPU.ActiveCfg = Debug|Any CPU
		{42572718-942B-4CA3-858A-5C9DF155E3AF}.Debug|Any CPU.Build.0 = Debug|Any CPU
		{42572718-942B-4CA3-858A-5C9DF155E3AF}.Release|Any CPU.ActiveCfg = Release|Any CPU
		{42572718-942B-4CA3-858A-5C9DF155E3AF}.Release|Any CPU.Build.0 = Release|Any CPU
	EndGlobalSection
	GlobalSection(SolutionProperties) = preSolution
		HideSolutionNode = FALSE
	EndGlobalSection
EndGlobal
