
Microsoft Visual Studio Solution File, Format Version 12.00
# Visual Studio 2012
Project("{FAE04EC0-301F-11D3-BF4B-00C04F79EFBC}") = "Serilog.Sinks.RabbitMq", "Serilog.Sinks.RabbitMq.csproj", "{186AACC8-1A3C-47FA-BD77-1D35DFA8BC97}"
EndProject
Global
	GlobalSection(SolutionConfigurationPlatforms) = preSolution
		Debug|Any CPU = Debug|Any CPU
		Release|Any CPU = Release|Any CPU
	EndGlobalSection
	GlobalSection(ProjectConfigurationPlatforms) = postSolution
		{186AACC8-1A3C-47FA-BD77-1D35DFA8BC97}.Debug|Any CPU.ActiveCfg = Debug|Any CPU
		{186AACC8-1A3C-47FA-BD77-1D35DFA8BC97}.Debug|Any CPU.Build.0 = Debug|Any CPU
		{186AACC8-1A3C-47FA-BD77-1D35DFA8BC97}.Release|Any CPU.ActiveCfg = Release|Any CPU
		{186AACC8-1A3C-47FA-BD77-1D35DFA8BC97}.Release|Any CPU.Build.0 = Release|Any CPU
	EndGlobalSection
	GlobalSection(SolutionProperties) = preSolution
		HideSolutionNode = FALSE
	EndGlobalSection
EndGlobal
